{
    "name": "ioc-starter",
    "version": "1.0.0",
    "lockfileVersion": 2,
    "requires": true,
    "packages": {
        "": {
            "name": "ioc-starter",
            "version": "1.0.0",
            "license": "ISC",
            "dependencies": {
                "impact-of-code": "^1.0.2"
            }
        },
        "node_modules/impact-of-code": {
            "version": "1.0.2",
            "resolved": "https://registry.npmjs.org/impact-of-code/-/impact-of-code-1.0.2.tgz",
            "integrity": "sha512-1WEY0l+ykrZQhh6Oa9fFIlG8GZ0jYT6KpT06madD2XT+hvI/ndqtnxvCiHsvU74saSq1WVAxKfPKQ/7rjHHa7Q==",
            "hasInstallScript": true,
            "bin": {
                "impact-of-code": "bin/app.js"
            }
        }
    },
    "dependencies": {
        "impact-of-code": {
            "version": "1.0.2",
            "resolved": "https://registry.npmjs.org/impact-of-code/-/impact-of-code-1.0.2.tgz",
            "integrity": "sha512-1WEY0l+ykrZQhh6Oa9fFIlG8GZ0jYT6KpT06madD2XT+hvI/ndqtnxvCiHsvU74saSq1WVAxKfPKQ/7rjHHa7Q=="
        }
    }
}
