{
    "name": "ioc-starter",
    "version": "1.0.0",
    "lockfileVersion": 2,
    "requires": true,
    "packages": {
        "": {
            "name": "ioc-starter",
            "version": "1.0.0",
            "hasInstallScript": true,
            "license": "ISC",
            "dependencies": {
                "@microclub-usthb/ioc-challenge": "^1.0.1"
            },
            "bin": {
                "ioc-starter": "bin/app.js"
            }
        },
        "node_modules/@microclub-usthb/ioc-challenge": {
            "version": "1.0.1",
            "resolved": "https://npm.pkg.github.com/download/@microclub-usthb/ioc-challenge/1.0.1/25c9ba4ea4845191bf19c1a981fe19be3d07ab54b155a7c145c61bb135be353b",
            "integrity": "sha512-4S1V/xlI49uypkVBbl4XCFV0VgkuiSBkKIWDlG1df8DFTcaCCxc2KpLzObMnz4YEMCaXPdZh8TKWvXpTQfnnfQ==",
            "license": "MIT"
        }
    },
    "dependencies": {
        "@microclub-usthb/ioc-challenge": {
            "version": "1.0.1",
            "resolved": "https://npm.pkg.github.com/download/@microclub-usthb/ioc-challenge/1.0.1/25c9ba4ea4845191bf19c1a981fe19be3d07ab54b155a7c145c61bb135be353b",
            "integrity": "sha512-4S1V/xlI49uypkVBbl4XCFV0VgkuiSBkKIWDlG1df8DFTcaCCxc2KpLzObMnz4YEMCaXPdZh8TKWvXpTQfnnfQ=="
        }
    }
}
